
Microsoft Visual Studio Solution File, Format Version 12.00
# Visual Studio Version 17
VisualStudioVersion = 17.9.34902.65
MinimumVisualStudioVersion = 10.0.40219.1
Project("{FAE04EC0-301F-11D3-BF4B-00C04F79EFBC}") = "EyS_Web", "EyS_Web\EyS_Web.csproj", "{5018E565-898D-4A99-B489-3D99533CADBB}"
EndProject
Global
	GlobalSection(SolutionConfigurationPlatforms) = preSolution
		Debug|Any CPU = Debug|Any CPU
		Release|Any CPU = Release|Any CPU
	EndGlobalSection
	GlobalSection(ProjectConfigurationPlatforms) = postSolution
		{5018E565-898D-4A99-B489-3D99533CADBB}.Debug|Any CPU.ActiveCfg = Debug|Any CPU
		{5018E565-898D-4A99-B489-3D99533CADBB}.Debug|Any CPU.Build.0 = Debug|Any CPU
		{5018E565-898D-4A99-B489-3D99533CADBB}.Release|Any CPU.ActiveCfg = Release|Any CPU
		{5018E565-898D-4A99-B489-3D99533CADBB}.Release|Any CPU.Build.0 = Release|Any CPU
	EndGlobalSection
	GlobalSection(SolutionProperties) = preSolution
		HideSolutionNode = FALSE
	EndGlobalSection
	GlobalSection(ExtensibilityGlobals) = postSolution
		SolutionGuid = {153480A1-9F48-4554-BC32-25342DAB1A8D}
	EndGlobalSection
EndGlobal
